
Microsoft Visual Studio Solution File, Format Version 12.00
# Visual Studio Version 17
VisualStudioVersion = 17.2.32616.157
MinimumVisualStudioVersion = 10.0.40219.1
Project("{9A19103F-16F7-4668-BE54-9A1E7A4F7556}") = "YTDownloader2", "YTDownloader2\YTDownloader2.csproj", "{376B125A-6FAB-47AB-B1B2-94F7016D2B39}"
EndProject
Global
	GlobalSection(SolutionConfigurationPlatforms) = preSolution
		Debug|Any CPU = Debug|Any CPU
		Release|Any CPU = Release|Any CPU
	EndGlobalSection
	GlobalSection(ProjectConfigurationPlatforms) = postSolution
		{376B125A-6FAB-47AB-B1B2-94F7016D2B39}.Debug|Any CPU.ActiveCfg = Debug|Any CPU
		{376B125A-6FAB-47AB-B1B2-94F7016D2B39}.Debug|Any CPU.Build.0 = Debug|Any CPU
		{376B125A-6FAB-47AB-B1B2-94F7016D2B39}.Release|Any CPU.ActiveCfg = Release|Any CPU
		{376B125A-6FAB-47AB-B1B2-94F7016D2B39}.Release|Any CPU.Build.0 = Release|Any CPU
	EndGlobalSection
	GlobalSection(SolutionProperties) = preSolution
		HideSolutionNode = FALSE
	EndGlobalSection
	GlobalSection(ExtensibilityGlobals) = postSolution
		SolutionGuid = {CD17C63C-628E-453B-BB9F-8EE352AB1805}
	EndGlobalSection
EndGlobal
